{
    "_meta": {
        "hash": {
            "sha256": "9366fad64ee73633c4e23834127881fcaf245c39c15a3980234c9a971ba082aa"
        },
        "pipfile-spec": 6,
        "requires": {
            "python_version": "3.7"
        },
        "sources": [
            {
                "name": "pypi",
                "url": "https://pypi.org/simple",
                "verify_ssl": true
            }
        ]
    },
    "default": {
        "attrs": {
            "hashes": [
                "sha256:31b2eced602aa8423c2aea9c76a724617ed67cf9513173fd3a4f03e3a929c7e6",
                "sha256:832aa3cde19744e49938b91fea06d69ecb9e649c93ba974535d08ad92164f700"
            ],
            "version": "==20.3.0"
        },
        "automat": {
            "hashes": [
                "sha256:7979803c74610e11ef0c0d68a2942b152df52da55336e0c9d58daf1831cbdf33",
                "sha256:b6feb6455337df834f6c9962d6ccf771515b7d939bca142b29c20c2376bc6111"
            ],
            "version": "==20.2.0"
        },
        "cffi": {
            "hashes": [
                "sha256:00a1ba5e2e95684448de9b89888ccd02c98d512064b4cb987d48f4b40aa0421e",
                "sha256:00e28066507bfc3fe865a31f325c8391a1ac2916219340f87dfad602c3e48e5d",
                "sha256:045d792900a75e8b1e1b0ab6787dd733a8190ffcf80e8c8ceb2fb10a29ff238a",
                "sha256:0638c3ae1a0edfb77c6765d487fee624d2b1ee1bdfeffc1f0b58c64d149e7eec",
                "sha256:105abaf8a6075dc96c1fe5ae7aae073f4696f2905fde6aeada4c9d2926752362",
                "sha256:155136b51fd733fa94e1c2ea5211dcd4c8879869008fc811648f16541bf99668",
                "sha256:1a465cbe98a7fd391d47dce4b8f7e5b921e6cd805ef421d04f5f66ba8f06086c",
                "sha256:1d2c4994f515e5b485fd6d3a73d05526aa0fcf248eb135996b088d25dfa1865b",
                "sha256:2c24d61263f511551f740d1a065eb0212db1dbbbbd241db758f5244281590c06",
                "sha256:51a8b381b16ddd370178a65360ebe15fbc1c71cf6f584613a7ea08bfad946698",
                "sha256:594234691ac0e9b770aee9fcdb8fa02c22e43e5c619456efd0d6c2bf276f3eb2",
                "sha256:5cf4be6c304ad0b6602f5c4e90e2f59b47653ac1ed9c662ed379fe48a8f26b0c",
                "sha256:64081b3f8f6f3c3de6191ec89d7dc6c86a8a43911f7ecb422c60e90c70be41c7",
                "sha256:6bc25fc545a6b3d57b5f8618e59fc13d3a3a68431e8ca5fd4c13241cd70d0009",
                "sha256:798caa2a2384b1cbe8a2a139d80734c9db54f9cc155c99d7cc92441a23871c03",
                "sha256:7c6b1dece89874d9541fc974917b631406233ea0440d0bdfbb8e03bf39a49b3b",
                "sha256:840793c68105fe031f34d6a086eaea153a0cd5c491cde82a74b420edd0a2b909",
                "sha256:8d6603078baf4e11edc4168a514c5ce5b3ba6e3e9c374298cb88437957960a53",
                "sha256:9cc46bc107224ff5b6d04369e7c595acb700c3613ad7bcf2e2012f62ece80c35",
                "sha256:9f7a31251289b2ab6d4012f6e83e58bc3b96bd151f5b5262467f4bb6b34a7c26",
                "sha256:9ffb888f19d54a4d4dfd4b3f29bc2c16aa4972f1c2ab9c4ab09b8ab8685b9c2b",
                "sha256:a5ed8c05548b54b998b9498753fb9cadbfd92ee88e884641377d8a8b291bcc01",
                "sha256:a7711edca4dcef1a75257b50a2fbfe92a65187c47dab5a0f1b9b332c5919a3fb",
                "sha256:af5c59122a011049aad5dd87424b8e65a80e4a6477419c0c1015f73fb5ea0293",
                "sha256:b18e0a9ef57d2b41f5c68beefa32317d286c3d6ac0484efd10d6e07491bb95dd",
                "sha256:b4e248d1087abf9f4c10f3c398896c87ce82a9856494a7155823eb45a892395d",
                "sha256:ba4e9e0ae13fc41c6b23299545e5ef73055213e466bd107953e4a013a5ddd7e3",
                "sha256:c6332685306b6417a91b1ff9fae889b3ba65c2292d64bd9245c093b1b284809d",
                "sha256:d5ff0621c88ce83a28a10d2ce719b2ee85635e85c515f12bac99a95306da4b2e",
                "sha256:d9efd8b7a3ef378dd61a1e77367f1924375befc2eba06168b6ebfa903a5e59ca",
                "sha256:df5169c4396adc04f9b0a05f13c074df878b6052430e03f50e68adf3a57aa28d",
                "sha256:ebb253464a5d0482b191274f1c8bf00e33f7e0b9c66405fbffc61ed2c839c775",
                "sha256:ec80dc47f54e6e9a78181ce05feb71a0353854cc26999db963695f950b5fb375",
                "sha256:f032b34669220030f905152045dfa27741ce1a6db3324a5bc0b96b6c7420c87b",
                "sha256:f60567825f791c6f8a592f3c6e3bd93dd2934e3f9dac189308426bd76b00ef3b",
                "sha256:f803eaa94c2fcda012c047e62bc7a51b0bdabda1cad7a92a522694ea2d76e49f"
            ],
            "version": "==1.14.4"
        },
        "constantly": {
            "hashes": [
                "sha256:586372eb92059873e29eba4f9dec8381541b4d3834660707faf8ba59146dfc35",
                "sha256:dd2fa9d6b1a51a83f0d7dd76293d734046aa176e384bf6e33b7e44880eb37c5d"
            ],
            "version": "==15.1.0"
        },
        "cryptography": {
            "hashes": [
                "sha256:22f8251f68953553af4f9c11ec5f191198bc96cff9f0ac5dd5ff94daede0ee6d",
                "sha256:284e275e3c099a80831f9898fb5c9559120d27675c3521278faba54e584a7832",
                "sha256:3e17d02941c0f169c5b877597ca8be895fca0e5e3eb882526a74aa4804380a98",
                "sha256:52a47e60953679eea0b4d490ca3c241fb1b166a7b161847ef4667dfd49e7699d",
                "sha256:57b8c1ed13b8aa386cabbfde3be175d7b155682470b0e259fecfe53850967f8a",
                "sha256:6a8f64ed096d13f92d1f601a92d9fd1f1025dc73a2ca1ced46dcf5e0d4930943",
                "sha256:6e8a3c7c45101a7eeee93102500e1b08f2307c717ff553fcb3c1127efc9b6917",
                "sha256:7ef41304bf978f33cfb6f43ca13bb0faac0c99cda33693aa20ad4f5e34e8cb8f",
                "sha256:87c2fffd61e934bc0e2c927c3764c20b22d7f5f7f812ee1a477de4c89b044ca6",
                "sha256:88069392cd9a1e68d2cfd5c3a2b0d72a44ef3b24b8977a4f7956e9e3c4c9477a",
                "sha256:8a0866891326d3badb17c5fd3e02c926b635e8923fa271b4813cd4d972a57ff3",
                "sha256:8f0fd8b0751d75c4483c534b209e39e918f0d14232c0d8a2a76e687f64ced831",
                "sha256:9a07e6d255053674506091d63ab4270a119e9fc83462c7ab1dbcb495b76307af",
                "sha256:9a8580c9afcdcddabbd064c0a74f337af74ff4529cdf3a12fa2e9782d677a2e5",
                "sha256:bd80bc156d3729b38cb227a5a76532aef693b7ac9e395eea8063ee50ceed46a5",
                "sha256:d1cbc3426e6150583b22b517ef3720036d7e3152d428c864ff0f3fcad2b97591",
                "sha256:e15ac84dcdb89f92424cbaca4b0b34e211e7ce3ee7b0ec0e4f3c55cee65fae5a",
                "sha256:e4789b84f8dedf190148441f7c5bfe7244782d9cbb194a36e17b91e7d3e1cca9",
                "sha256:f01c9116bfb3ad2831e125a73dcd957d173d6ddca7701528eff1e7d97972872c",
                "sha256:f0e3986f6cce007216b23c490f093f35ce2068f3c244051e559f647f6731b7ae",
                "sha256:f2aa3f8ba9e2e3fd49bd3de743b976ab192fbf0eb0348cebde5d2a9de0090a9f",
                "sha256:fb70a4cedd69dc52396ee114416a3656e011fb0311fca55eb55c7be6ed9c8aef"
            ],
            "index": "pypi",
            "version": "==3.2"
        },
        "hyperlink": {
            "hashes": [
                "sha256:427af957daa58bc909471c6c40f74c5450fa123dd093fc53efd2e91d2705a56b",
                "sha256:e6b14c37ecb73e89c77d78cdb4c2cc8f3fb59a885c5b3f819ff4ed80f25af1b4"
            ],
            "version": "==21.0.0"
        },
        "idna": {
            "hashes": [
                "sha256:5205d03e7bcbb919cc9c19885f9920d622ca52448306f2377daede5cf3faac16",
                "sha256:c5b02147e01ea9920e6b0a3f1f7bb833612d507592c837a6c49552768f4054e1"
            ],
            "version": "==3.1"
        },
        "importlib-metadata": {
            "hashes": [
                "sha256:ace61d5fc652dc280e7b6b4ff732a9c2d40db2c0f92bc6cb74e07b73d53a1771",
                "sha256:fa5daa4477a7414ae34e95942e4dd07f62adf589143c875c133c1e53c4eff38d"
            ],
            "markers": "python_version < '3.8'",
            "version": "==3.4.0"
        },
        "incremental": {
            "hashes": [
                "sha256:717e12246dddf231a349175f48d74d93e2897244939173b01974ab6661406b9f",
                "sha256:7b751696aaf36eebfab537e458929e194460051ccad279c72b755a167eebd4b3"
            ],
            "version": "==17.5.0"
        },
        "more-itertools": {
            "hashes": [
                "sha256:8e1a2a43b2f2727425f2b5839587ae37093f19153dc26c0927d1048ff6557330",
                "sha256:b3a9005928e5bed54076e6e549c792b306fddfe72b2d1d22dd63d42d5d3899cf"
            ],
            "version": "==8.6.0"
        },
        "netaddr": {
            "hashes": [
                "sha256:38aeec7cdd035081d3a4c306394b19d677623bf76fa0913f6695127c7753aefd",
                "sha256:56b3558bd71f3f6999e4c52e349f38660e54a7a8a9943335f73dfc96883e08ca"
            ],
            "index": "pypi",
            "version": "==0.7.19"
        },
        "netifaces": {
            "hashes": [
                "sha256:078986caf4d6a602a4257d3686afe4544ea74362b8928e9f4389b5cd262bc215",
                "sha256:0c4304c6d5b33fbd9b20fdc369f3a2fef1a8bbacfb6fd05b9708db01333e9e7b",
                "sha256:2dee9ffdd16292878336a58d04a20f0ffe95555465fee7c9bd23b3490ef2abf3",
                "sha256:3095218b66d359092b82f07c5422293c2f6559cf8d36b96b379cc4cdc26eeffa",
                "sha256:30ed89ab8aff715caf9a9d827aa69cd02ad9f6b1896fd3fb4beb998466ed9a3c",
                "sha256:4921ed406386246b84465950d15a4f63480c1458b0979c272364054b29d73084",
                "sha256:563a1a366ee0fb3d96caab79b7ac7abd2c0a0577b157cc5a40301373a0501f89",
                "sha256:5b3167f923f67924b356c1338eb9ba275b2ba8d64c7c2c47cf5b5db49d574994",
                "sha256:6d84e50ec28e5d766c9911dce945412dc5b1ce760757c224c71e1a9759fa80c2",
                "sha256:755050799b5d5aedb1396046f270abfc4befca9ccba3074f3dbbb3cb34f13aae",
                "sha256:75d3a4ec5035db7478520ac547f7c176e9fd438269e795819b67223c486e5cbe",
                "sha256:7a25a8e28281504f0e23e181d7a9ed699c72f061ca6bdfcd96c423c2a89e75fc",
                "sha256:7cc6fd1eca65be588f001005446a47981cbe0b2909f5be8feafef3bf351a4e24",
                "sha256:86b8a140e891bb23c8b9cb1804f1475eb13eea3dbbebef01fcbbf10fbafbee42",
                "sha256:ad10acab2ef691eb29a1cc52c3be5ad1423700e993cc035066049fa72999d0dc",
                "sha256:b2ff3a0a4f991d2da5376efd3365064a43909877e9fabfa801df970771161d29",
                "sha256:b47e8f9ff6846756be3dc3fb242ca8e86752cd35a08e06d54ffc2e2a2aca70ea",
                "sha256:da298241d87bcf468aa0f0705ba14572ad296f24c4fda5055d6988701d6fd8e1",
                "sha256:db881478f1170c6dd524175ba1c83b99d3a6f992a35eca756de0ddc4690a1940",
                "sha256:f0427755c68571df37dc58835e53a4307884a48dec76f3c01e33eb0d4a3a81d7",
                "sha256:f8885cc48c8c7ad51f36c175e462840f163cb4687eeb6c6d7dfaf7197308e36b",
                "sha256:f911b7f0083d445c8d24cfa5b42ad4996e33250400492080f5018a28c026db2b"
            ],
            "index": "pypi",
            "version": "==0.10.9"
        },
        "packaging": {
            "hashes": [
                "sha256:24e0da08660a87484d1602c30bb4902d74816b6985b93de36926f5bc95741858",
                "sha256:78598185a7008a470d64526a8059de9aaa449238f280fc9eb6b13ba6c4109093"
            ],
            "version": "==20.8"
        },
        "pluggy": {
            "hashes": [
                "sha256:15b2acde666561e1298d71b523007ed7364de07029219b604cf808bfa1c765b0",
                "sha256:966c145cd83c96502c3c3868f50408687b38434af77734af1e9ca461a4081d2d"
            ],
            "version": "==0.13.1"
        },
        "py": {
            "hashes": [
                "sha256:21b81bda15b66ef5e1a777a21c4dcd9c20ad3efd0b3f817e7a809035269e1bd3",
                "sha256:3b80836aa6d1feeaa108e046da6423ab8f6ceda6468545ae8d02d9d58d18818a"
            ],
            "version": "==1.10.0"
        },
        "pyasn1": {
            "hashes": [
                "sha256:39c7e2ec30515947ff4e87fb6f456dfc6e84857d34be479c9d4a4ba4bf46aa5d",
                "sha256:aef77c9fb94a3ac588e87841208bdec464471d9871bd5050a287cc9a475cd0ba"
            ],
            "version": "==0.4.8"
        },
        "pyasn1-modules": {
            "hashes": [
                "sha256:905f84c712230b2c592c19470d3ca8d552de726050d1d1716282a1f6146be65e",
                "sha256:a50b808ffeb97cb3601dd25981f6b016cbb3d31fbf57a8b8a87428e6158d0c74"
            ],
            "version": "==0.2.8"
        },
        "pycparser": {
            "hashes": [
                "sha256:2d475327684562c3a96cc71adf7dc8c4f0565175cf86b6d7a404ff4c771f15f0",
                "sha256:7582ad22678f0fcd81102833f60ef8d0e57288b6b5fb00323d101be910e35705"
            ],
            "version": "==2.20"
        },
        "pyhamcrest": {
            "hashes": [
                "sha256:412e00137858f04bde0729913874a48485665f2d36fe9ee449f26be864af9316",
                "sha256:7ead136e03655af85069b6f47b23eb7c3e5c221aa9f022a4fbb499f5b7308f29"
            ],
            "version": "==2.0.2"
        },
        "pyparsing": {
            "hashes": [
                "sha256:c203ec8783bf771a155b207279b9bccb8dea02d8f0c9e5f8ead507bc3246ecc1",
                "sha256:ef9d7589ef3c200abe66653d3f1ab1033c3c419ae9b9bdb1240a85b024efc88b"
            ],
            "version": "==2.4.7"
        },
        "pytest": {
            "hashes": [
                "sha256:0d5fe9189a148acc3c3eb2ac8e1ac0742cb7618c084f3d228baaec0c254b318d",
                "sha256:ff615c761e25eb25df19edddc0b970302d2a9091fbce0e7213298d85fb61fef6"
            ],
            "index": "pypi",
            "version": "==5.3.5"
        },
        "scapy": {
            "hashes": [
                "sha256:e2f8d11f6a941c14a789ae8b236b27bd634681f1b29b5e893861e284d234f6b0"
            ],
            "index": "pypi",
            "version": "==2.4.3"
        },
        "service-identity": {
            "hashes": [
                "sha256:001c0707759cb3de7e49c078a7c0c9cd12594161d3bf06b9c254fdcb1a60dc36",
                "sha256:0858a54aabc5b459d1aafa8a518ed2081a285087f349fe3e55197989232e2e2d"
            ],
            "index": "pypi",
            "version": "==18.1.0"
        },
        "six": {
            "hashes": [
                "sha256:30639c035cdb23534cd4aa2dd52c3bf48f06e5f4a941509c8bafd8ce11080259",
                "sha256:8b74bedcbbbaca38ff6d7491d76f2b06b3592611af620f8426e82dddb04a5ced"
            ],
            "version": "==1.15.0"
        },
        "termcolor": {
            "hashes": [
                "sha256:1d6d69ce66211143803fbc56652b41d73b4a400a2891d7bf7a1cdf4c02de613b"
            ],
            "index": "pypi",
            "version": "==1.1.0"
        },
        "twisted": {
            "hashes": [
                "sha256:0f39698c2aac318032ed4fe95e28ee2bd7d72327c2f6927139811ad403770885",
                "sha256:1f0919a0363b4fbed5def5315383db36fd581464bca80290764f8c4465e91c04",
                "sha256:257dbc78e72bc69c2970035fc74df54b04573d5ddd380251a8a23f74d619db03",
                "sha256:3f651c52ad78cc5a643f61e3b786a6b5c9b4ee68eced975c04fdf6b02026f470",
                "sha256:58b581ae4eee5a831aac9d03edc331d662fa028f601015bb3df47f8704bfe876",
                "sha256:611ef7696d406605962d9a7b040d357f3e91df20cf75c0b06e350947f541538b",
                "sha256:6338e5b987e95c94360acb14e78b41097be9b45d44d15a68060db9c3bf89e102",
                "sha256:7394ba7f272ae722a74f3d969dcf599bc4ef093bc392038748a490f1724a515d",
                "sha256:776c65270b57ac074d5b7a471142f434b0ac5a8b39d9c974769c855c32abfd91",
                "sha256:8b2f7f4dded5ad02931bed38042e55329d1e4919b63078f5a29f05502a163f1d",
                "sha256:97f8a76632bf051a27179337fe937df315920a08e9bd146126e0126629db3721",
                "sha256:a1de7598ce977943b3edbcc0a7d2112f134cc1b98b2fd7e348ee9e0bef092e50",
                "sha256:d145c418a46f8a7021030a3246b9e5111f64531278e5252f2073f23c1661c8be",
                "sha256:d53e1f883bc429b14fd2999d355352974f9d7b4ae7554154bbfe3f90aecede5f",
                "sha256:d9037ff5e07909b1d31f81db71a3bbc8227ba1ed20c87332bdb2eb48e55f326e",
                "sha256:ef1396d1680d6a1ae6dff293d778755c8e10d471f286aff678877b2cee235d42",
                "sha256:f1fe9139fdcf7721d308e36c51cf975474678a8241a9799af02a7bb1c531b722",
                "sha256:f28355e61ce0b5c1ce47784522022322cc5059c8ed80638e0caae8c7301e1705",
                "sha256:f7cc56a45c983e4e48601fbeec879b62c740cb848c75164f69a48ac0c6e8a21c"
            ],
            "index": "pypi",
            "version": "==19.10.0"
        },
        "typing-extensions": {
            "hashes": [
                "sha256:7cb407020f00f7bfc3cb3e7881628838e69d8f3fcab2f64742a5e76b2f841918",
                "sha256:99d4073b617d30288f569d3f13d2bd7548c3a7e4c8de87db09a9d29bb3a4a60c",
                "sha256:dafc7639cde7f1b6e1acc0f457842a83e722ccca8eef5270af2d74792619a89f"
            ],
            "markers": "python_version < '3.8'",
            "version": "==3.7.4.3"
        },
        "wcwidth": {
            "hashes": [
                "sha256:beb4802a9cebb9144e99086eff703a642a13d6a0052920003a230f3294bbe784",
                "sha256:c4d647b99872929fdb7bdcaa4fbe7f01413ed3d98077df798530e5b04f116c83"
            ],
            "version": "==0.2.5"
        },
        "zipp": {
            "hashes": [
                "sha256:102c24ef8f171fd729d46599845e95c7ab894a4cf45f5de11a44cc7444fb1108",
                "sha256:ed5eee1974372595f9e416cc7bbeeb12335201d8081ca8a0743c954d4446e5cb"
            ],
            "version": "==3.4.0"
        },
        "zope.interface": {
            "hashes": [
                "sha256:05a97ba92c1c7c26f25c9f671aa1ef85ffead6cdad13770e5b689cf983adc7e1",
                "sha256:07d61722dd7d85547b7c6b0f5486b4338001fab349f2ac5cabc0b7182eb3425d",
                "sha256:0a990dcc97806e5980bbb54b2e46b9cde9e48932d8e6984daf71ef1745516123",
                "sha256:150e8bcb7253a34a4535aeea3de36c0bb3b1a6a47a183a95d65a194b3e07f232",
                "sha256:1743bcfe45af8846b775086471c28258f4c6e9ee8ef37484de4495f15a98b549",
                "sha256:1b5f6c8fff4ed32aa2dd43e84061bc8346f32d3ba6ad6e58f088fe109608f102",
                "sha256:21e49123f375703cf824214939d39df0af62c47d122d955b2a8d9153ea08cfd5",
                "sha256:21f579134a47083ffb5ddd1307f0405c91aa8b61ad4be6fd5af0171474fe0c45",
                "sha256:27c267dc38a0f0079e96a2945ee65786d38ef111e413c702fbaaacbab6361d00",
                "sha256:299bde0ab9e5c4a92f01a152b7fbabb460f31343f1416f9b7b983167ab1e33bc",
                "sha256:2ab88d8f228f803fcb8cb7d222c579d13dab2d3622c51e8cf321280da01102a7",
                "sha256:2ced4c35061eea623bc84c7711eedce8ecc3c2c51cd9c6afa6290df3bae9e104",
                "sha256:2dcab01c660983ba5e5a612e0c935141ccbee67d2e2e14b833e01c2354bd8034",
                "sha256:32546af61a9a9b141ca38d971aa6eb9800450fa6620ce6323cc30eec447861f3",
                "sha256:32b40a4c46d199827d79c86bb8cb88b1bbb764f127876f2cb6f3a47f63dbada3",
                "sha256:3cc94c69f6bd48ed86e8e24f358cb75095c8129827df1298518ab860115269a4",
                "sha256:42b278ac0989d6f5cf58d7e0828ea6b5951464e3cf2ff229dd09a96cb6ba0c86",
                "sha256:495b63fd0302f282ee6c1e6ea0f1c12cb3d1a49c8292d27287f01845ff252a96",
                "sha256:4af87cdc0d4b14e600e6d3d09793dce3b7171348a094ba818e2a68ae7ee67546",
                "sha256:4b94df9f2fdde7b9314321bab8448e6ad5a23b80542dcab53e329527d4099dcb",
                "sha256:4c48ddb63e2b20fba4c6a2bf81b4d49e99b6d4587fb67a6cd33a2c1f003af3e3",
                "sha256:4df9afd17bd5477e9f8c8b6bb8507e18dd0f8b4efe73bb99729ff203279e9e3b",
                "sha256:518950fe6a5d56f94ba125107895f938a4f34f704c658986eae8255edb41163b",
                "sha256:538298e4e113ccb8b41658d5a4b605bebe75e46a30ceca22a5a289cf02c80bec",
                "sha256:55465121e72e208a7b69b53de791402affe6165083b2ea71b892728bd19ba9ae",
                "sha256:588384d70a0f19b47409cfdb10e0c27c20e4293b74fc891df3d8eb47782b8b3e",
                "sha256:6278c080d4afffc9016e14325f8734456831124e8c12caa754fd544435c08386",
                "sha256:64ea6c221aeee4796860405e1aedec63424cda4202a7ad27a5066876db5b0fd2",
                "sha256:681dbb33e2b40262b33fd383bae63c36d33fd79fa1a8e4092945430744ffd34a",
                "sha256:6936aa9da390402d646a32a6a38d5409c2d2afb2950f045a7d02ab25a4e7d08d",
                "sha256:778d0ec38bbd288b150a3ae363c8ffd88d2207a756842495e9bffd8a8afbc89a",
                "sha256:8251f06a77985a2729a8bdbefbae79ee78567dddc3acbd499b87e705ca59fe24",
                "sha256:83b4aa5344cce005a9cff5d0321b2e318e871cc1dfc793b66c32dd4f59e9770d",
                "sha256:844fad925ac5c2ad4faaceb3b2520ad016b5280105c6e16e79838cf951903a7b",
                "sha256:8ceb3667dd13b8133f2e4d637b5b00f240f066448e2aa89a41f4c2d78a26ce50",
                "sha256:92dc0fb79675882d0b6138be4bf0cec7ea7c7eede60aaca78303d8e8dbdaa523",
                "sha256:9789bd945e9f5bd026ed3f5b453d640befb8b1fc33a779c1fe8d3eb21fe3fb4a",
                "sha256:a2b6d6eb693bc2fc6c484f2e5d93bd0b0da803fa77bf974f160533e555e4d095",
                "sha256:aab9f1e34d810feb00bf841993552b8fcc6ae71d473c505381627143d0018a6a",
                "sha256:abb61afd84f23099ac6099d804cdba9bd3b902aaaded3ffff47e490b0a495520",
                "sha256:adf9ee115ae8ff8b6da4b854b4152f253b390ba64407a22d75456fe07dcbda65",
                "sha256:aedc6c672b351afe6dfe17ff83ee5e7eb6ed44718f879a9328a68bdb20b57e11",
                "sha256:b7a00ecb1434f8183395fac5366a21ee73d14900082ca37cf74993cf46baa56c",
                "sha256:ba32f4a91c1cb7314c429b03afbf87b1fff4fb1c8db32260e7310104bd77f0c7",
                "sha256:cbd0f2cbd8689861209cd89141371d3a22a11613304d1f0736492590aa0ab332",
                "sha256:e4bc372b953bf6cec65a8d48482ba574f6e051621d157cf224227dbb55486b1e",
                "sha256:eccac3d9aadc68e994b6d228cb0c8919fc47a5350d85a1b4d3d81d1e98baf40c",
                "sha256:efd550b3da28195746bb43bd1d815058181a7ca6d9d6aa89dd37f5eefe2cacb7",
                "sha256:efef581c8ba4d990770875e1a2218e856849d32ada2680e53aebc5d154a17e20",
                "sha256:f057897711a630a0b7a6a03f1acf379b6ba25d37dc5dc217a97191984ba7f2fc",
                "sha256:f37d45fab14ffef9d33a0dc3bc59ce0c5313e2253323312d47739192da94f5fd",
                "sha256:f44906f70205d456d503105023041f1e63aece7623b31c390a0103db4de17537"
            ],
            "version": "==5.2.0"
        }
    },
    "develop": {}
}
