{
    "_meta": {
        "hash": {
            "sha256": "1e6de35cbdccf0017de4f9a109f840104dd4ccf577a9bc1b89706957f9f5ceac"
        },
        "pipfile-spec": 6,
        "requires": {
            "python_version": "3.7"
        },
        "sources": [
            {
                "name": "pypi",
                "url": "https://pypi.org/simple",
                "verify_ssl": true
            }
        ]
    },
    "default": {
        "netaddr": {
            "hashes": [
                "sha256:38aeec7cdd035081d3a4c306394b19d677623bf76fa0913f6695127c7753aefd",
                "sha256:56b3558bd71f3f6999e4c52e349f38660e54a7a8a9943335f73dfc96883e08ca"
            ],
            "index": "pypi",
            "version": "==0.7.19"
        },
        "python-libnmap": {
            "hashes": [
                "sha256:0648355400be2b089803f65476637705e7305c0adb2a201b7a2bb3612c902950",
                "sha256:9d14919142395aaca952e129398f0c7371c0f0a034c63de6dad99cd7050177ad"
            ],
            "index": "pypi",
            "version": "==0.7.0"
        },
        "termcolor": {
            "hashes": [
                "sha256:1d6d69ce66211143803fbc56652b41d73b4a400a2891d7bf7a1cdf4c02de613b"
            ],
            "index": "pypi",
            "version": "==1.1.0"
        }
    },
    "develop": {}
}
